# This file is automatically @generated by Poetry 1.8.2 and should not be changed by hand.

[[package]]
name = "jpype1"
version = "1.5.0"
description = "A Python to Java bridge."
optional = false
python-versions = ">=3.7"
files = [
    {file = "JPype1-1.5.0-cp310-cp310-macosx_10_9_universal2.whl", hash = "sha256:7b6b1af3f9e0033080e3532c2686a224cd14706f36c14ef36160a2a1db751a17"},
    {file = "JPype1-1.5.0-cp310-cp310-manylinux_2_17_i686.manylinux2014_i686.whl", hash = "sha256:0ed36803734b812c78ca9228dd3291128ac80b2a1d06c293d60b5c2f049040b4"},
    {file = "JPype1-1.5.0-cp310-cp310-manylinux_2_17_x86_64.manylinux2014_x86_64.whl", hash = "sha256:a02b2f05621c119d35f4acc501b4261eeb48a4af7cc13d9afc2e9eb316c4bd29"},
    {file = "JPype1-1.5.0-cp310-cp310-win_amd64.whl", hash = "sha256:0b40c76e075d4fed2c83340bb30b7b95bbc396fd370c564c6b608faab00ea4ef"},
    {file = "JPype1-1.5.0-cp311-cp311-macosx_10_9_universal2.whl", hash = "sha256:85a31b30b482eaf788b21af421e0750aa0be7758307314178143a76632b0ad04"},
    {file = "JPype1-1.5.0-cp311-cp311-manylinux_2_17_i686.manylinux2014_i686.whl", hash = "sha256:20f0229d7aaa04c480a7fa271cbd161ded58cecd838ba52a4e01bea21b60a058"},
    {file = "JPype1-1.5.0-cp311-cp311-manylinux_2_17_x86_64.manylinux2014_x86_64.whl", hash = "sha256:5ef976e0f3b2e9604469f449f30bb2031941a159a0637f4c16adb2c5076f3e81"},
    {file = "JPype1-1.5.0-cp311-cp311-win_amd64.whl", hash = "sha256:2bc987205ff8d2d8e36dfbef05430e0638e85d4fee1166ba58ebfa6f7a67cdf8"},
    {file = "JPype1-1.5.0-cp312-cp312-macosx_10_9_universal2.whl", hash = "sha256:8714bfaf09d6877160bc7ac97812016ccb09f6d7ba5ea2a9f519178aefcca93f"},
    {file = "JPype1-1.5.0-cp312-cp312-manylinux_2_17_i686.manylinux2014_i686.whl", hash = "sha256:1696196a8b6ea2f8ad3280249014406de919088494b94a84581da01752d98dca"},
    {file = "JPype1-1.5.0-cp312-cp312-manylinux_2_17_x86_64.manylinux2014_x86_64.whl", hash = "sha256:8649b526eccb4047881ad60bdb1974eb71a09cdb7f8bda17c96fdc0f9a3f2d1e"},
    {file = "JPype1-1.5.0-cp312-cp312-win_amd64.whl", hash = "sha256:9aafc00b00bf8c1b624081e5d4ab87f7752e6c7ee6a141cfc332250b05c6d42f"},
    {file = "JPype1-1.5.0-cp37-cp37m-manylinux_2_17_i686.manylinux2014_i686.whl", hash = "sha256:ccb9c786e9b709c6390c89e200036b2080bf668cce118561a0cfd74eae43903f"},
    {file = "JPype1-1.5.0-cp37-cp37m-manylinux_2_17_x86_64.manylinux2014_x86_64.whl", hash = "sha256:aa5a27cba59865f034259657fd322ca0a5cde82e691a1180c6a8040d2e0c0788"},
    {file = "JPype1-1.5.0-cp38-cp38-macosx_10_9_x86_64.whl", hash = "sha256:cff64ac1980d899841cbc561b097eeec8106b34d70c42342b211b83005562f88"},
    {file = "JPype1-1.5.0-cp38-cp38-manylinux_2_17_i686.manylinux2014_i686.whl", hash = "sha256:439e006a3a74bd26e15ab6bca873e3572087667b5525cb82244a1945dd607d80"},
    {file = "JPype1-1.5.0-cp38-cp38-manylinux_2_17_x86_64.manylinux2014_x86_64.whl", hash = "sha256:b437ce6fadaf5562576b2b5919fa0a5174a92f70a7d903f0faf8dff6f34199fa"},
    {file = "JPype1-1.5.0-cp38-cp38-win_amd64.whl", hash = "sha256:a01eba1fdf5869e46dc7336a8ff2a97a66d209c8d5f23a64f7f23b70e55ffc0f"},
    {file = "JPype1-1.5.0-cp39-cp39-macosx_10_9_x86_64.whl", hash = "sha256:e8d9bdd137e7cecabebd46ce7d3539fd53745018974d0bc3ec0a3634c2e53af5"},
    {file = "JPype1-1.5.0-cp39-cp39-manylinux_2_17_i686.manylinux2014_i686.whl", hash = "sha256:c9f8f01474186bf69bf05dd9a5ef4d5b2159980cfc9d8da91e021d682cc32552"},
    {file = "JPype1-1.5.0-cp39-cp39-manylinux_2_17_x86_64.manylinux2014_x86_64.whl", hash = "sha256:f7aa1469d75f9b310f709b61bb2faa4cef4cbd4d670531ad1d1bb53e29cfda05"},
    {file = "JPype1-1.5.0-cp39-cp39-win_amd64.whl", hash = "sha256:6bfdc101c56cab0b6b16e974fd8cbb0b3f7f14178286b8b55413c5d82d5f2bea"},
    {file = "JPype1-1.5.0.tar.gz", hash = "sha256:425a6e1966afdd5848b60c2688bcaeb7e40ba504a686f1114589668e0631e878"},
]

[package.dependencies]
packaging = "*"

[package.extras]
docs = ["readthedocs-sphinx-ext", "sphinx", "sphinx-rtd-theme"]
tests = ["pytest"]

[[package]]
name = "packaging"
version = "24.1"
description = "Core utilities for Python packages"
optional = false
python-versions = ">=3.8"
files = [
    {file = "packaging-24.1-py3-none-any.whl", hash = "sha256:5b8f2217dbdbd2f7f384c41c628544e6d52f2d0f53c6d0c3ea61aa5d1d7ff124"},
    {file = "packaging-24.1.tar.gz", hash = "sha256:026ed72c8ed3fcce5bf8950572258698927fd1dbda10a5e981cdf0ac37f4f002"},
]

[metadata]
lock-version = "2.0"
python-versions = "^3.12"
content-hash = "426ab8710ab2125c177ee3f073ca09f00f1eaf4ae2b7c15194c25906336ba08f"
